
Microsoft Visual Studio Solution File, Format Version 12.00
# Visual Studio Version 17
VisualStudioVersion = 17.5.33424.131
MinimumVisualStudioVersion = 10.0.40219.1
Project("{FAE04EC0-301F-11D3-BF4B-00C04F79EFBC}") = "OtoServisSatis.WindowsApp", "OtoServisSatis.WindowsApp\OtoServisSatis.WindowsApp.csproj", "{19CA9DE9-948C-4CE0-A058-819EB083D933}"
EndProject
Project("{FAE04EC0-301F-11D3-BF4B-00C04F79EFBC}") = "OtoServisSatis.Entities", "OtoServisSatis.Entities\OtoServisSatis.Entities.csproj", "{F699C736-B7B1-4135-A7FE-3BCC3CE43843}"
EndProject
Project("{FAE04EC0-301F-11D3-BF4B-00C04F79EFBC}") = "OtoServisSatis.DAL", "OtoServisSatis.DAL\OtoServisSatis.DAL.csproj", "{7DD7EAAA-D0E1-4C68-937C-169122C46F27}"
EndProject
Project("{FAE04EC0-301F-11D3-BF4B-00C04F79EFBC}") = "OtoServisSatis.BL", "OtoServisSatis.BL\OtoServisSatis.BL.csproj", "{63F36779-C5A6-4570-9EAA-BFDD8189B13C}"
EndProject
Global
	GlobalSection(SolutionConfigurationPlatforms) = preSolution
		Debug|Any CPU = Debug|Any CPU
		Release|Any CPU = Release|Any CPU
	EndGlobalSection
	GlobalSection(ProjectConfigurationPlatforms) = postSolution
		{19CA9DE9-948C-4CE0-A058-819EB083D933}.Debug|Any CPU.ActiveCfg = Debug|Any CPU
		{19CA9DE9-948C-4CE0-A058-819EB083D933}.Debug|Any CPU.Build.0 = Debug|Any CPU
		{19CA9DE9-948C-4CE0-A058-819EB083D933}.Release|Any CPU.ActiveCfg = Release|Any CPU
		{19CA9DE9-948C-4CE0-A058-819EB083D933}.Release|Any CPU.Build.0 = Release|Any CPU
		{F699C736-B7B1-4135-A7FE-3BCC3CE43843}.Debug|Any CPU.ActiveCfg = Debug|Any CPU
		{F699C736-B7B1-4135-A7FE-3BCC3CE43843}.Debug|Any CPU.Build.0 = Debug|Any CPU
		{F699C736-B7B1-4135-A7FE-3BCC3CE43843}.Release|Any CPU.ActiveCfg = Release|Any CPU
		{F699C736-B7B1-4135-A7FE-3BCC3CE43843}.Release|Any CPU.Build.0 = Release|Any CPU
		{7DD7EAAA-D0E1-4C68-937C-169122C46F27}.Debug|Any CPU.ActiveCfg = Debug|Any CPU
		{7DD7EAAA-D0E1-4C68-937C-169122C46F27}.Debug|Any CPU.Build.0 = Debug|Any CPU
		{7DD7EAAA-D0E1-4C68-937C-169122C46F27}.Release|Any CPU.ActiveCfg = Release|Any CPU
		{7DD7EAAA-D0E1-4C68-937C-169122C46F27}.Release|Any CPU.Build.0 = Release|Any CPU
		{63F36779-C5A6-4570-9EAA-BFDD8189B13C}.Debug|Any CPU.ActiveCfg = Debug|Any CPU
		{63F36779-C5A6-4570-9EAA-BFDD8189B13C}.Debug|Any CPU.Build.0 = Debug|Any CPU
		{63F36779-C5A6-4570-9EAA-BFDD8189B13C}.Release|Any CPU.ActiveCfg = Release|Any CPU
		{63F36779-C5A6-4570-9EAA-BFDD8189B13C}.Release|Any CPU.Build.0 = Release|Any CPU
	EndGlobalSection
	GlobalSection(SolutionProperties) = preSolution
		HideSolutionNode = FALSE
	EndGlobalSection
	GlobalSection(ExtensibilityGlobals) = postSolution
		SolutionGuid = {2A5A8EA3-8D04-4977-A12D-DDA4AE1D2706}
	EndGlobalSection
EndGlobal
